
Microsoft Visual Studio Solution File, Format Version 12.00
# Visual Studio Version 16
VisualStudioVersion = 16.0.31624.102
MinimumVisualStudioVersion = 10.0.40219.1
Project("{00D1A9C2-B5F0-4AF3-8072-F6C62B433612}") = "ApplicationManagement.Data", "ApplicationManagement.Data\ApplicationManagement.Data.sqlproj", "{AD90FC30-09B7-41C9-AC1A-EC38A0A4C013}"
EndProject
Project("{00D1A9C2-B5F0-4AF3-8072-F6C62B433612}") = "Application.Transalation.Data", "Application.Transalation.Data\Application.Transalation.Data.sqlproj", "{C34784AB-9025-4216-9FCB-3EB5DAC23422}"
EndProject
Project("{FAE04EC0-301F-11D3-BF4B-00C04F79EFBC}") = "ApplicationManagement.DataAccess", "ApplicationManagement.DataAccess\ApplicationManagement.DataAccess.csproj", "{D3ADAC31-FAD7-404D-BA5A-2B7CC7B592FB}"
EndProject
Project("{FAE04EC0-301F-11D3-BF4B-00C04F79EFBC}") = "AppConsole", "App.Console\AppConsole.csproj", "{643186EC-15BD-4005-B5B7-4DC1E48E2D72}"
EndProject
Global
	GlobalSection(SolutionConfigurationPlatforms) = preSolution
		Debug|Any CPU = Debug|Any CPU
		Release|Any CPU = Release|Any CPU
	EndGlobalSection
	GlobalSection(ProjectConfigurationPlatforms) = postSolution
		{AD90FC30-09B7-41C9-AC1A-EC38A0A4C013}.Debug|Any CPU.ActiveCfg = Debug|Any CPU
		{AD90FC30-09B7-41C9-AC1A-EC38A0A4C013}.Debug|Any CPU.Build.0 = Debug|Any CPU
		{AD90FC30-09B7-41C9-AC1A-EC38A0A4C013}.Debug|Any CPU.Deploy.0 = Debug|Any CPU
		{AD90FC30-09B7-41C9-AC1A-EC38A0A4C013}.Release|Any CPU.ActiveCfg = Release|Any CPU
		{AD90FC30-09B7-41C9-AC1A-EC38A0A4C013}.Release|Any CPU.Build.0 = Release|Any CPU
		{AD90FC30-09B7-41C9-AC1A-EC38A0A4C013}.Release|Any CPU.Deploy.0 = Release|Any CPU
		{C34784AB-9025-4216-9FCB-3EB5DAC23422}.Debug|Any CPU.ActiveCfg = Debug|Any CPU
		{C34784AB-9025-4216-9FCB-3EB5DAC23422}.Debug|Any CPU.Build.0 = Debug|Any CPU
		{C34784AB-9025-4216-9FCB-3EB5DAC23422}.Debug|Any CPU.Deploy.0 = Debug|Any CPU
		{C34784AB-9025-4216-9FCB-3EB5DAC23422}.Release|Any CPU.ActiveCfg = Release|Any CPU
		{C34784AB-9025-4216-9FCB-3EB5DAC23422}.Release|Any CPU.Build.0 = Release|Any CPU
		{C34784AB-9025-4216-9FCB-3EB5DAC23422}.Release|Any CPU.Deploy.0 = Release|Any CPU
		{D3ADAC31-FAD7-404D-BA5A-2B7CC7B592FB}.Debug|Any CPU.ActiveCfg = Debug|Any CPU
		{D3ADAC31-FAD7-404D-BA5A-2B7CC7B592FB}.Debug|Any CPU.Build.0 = Debug|Any CPU
		{D3ADAC31-FAD7-404D-BA5A-2B7CC7B592FB}.Release|Any CPU.ActiveCfg = Release|Any CPU
		{D3ADAC31-FAD7-404D-BA5A-2B7CC7B592FB}.Release|Any CPU.Build.0 = Release|Any CPU
		{643186EC-15BD-4005-B5B7-4DC1E48E2D72}.Debug|Any CPU.ActiveCfg = Debug|Any CPU
		{643186EC-15BD-4005-B5B7-4DC1E48E2D72}.Debug|Any CPU.Build.0 = Debug|Any CPU
		{643186EC-15BD-4005-B5B7-4DC1E48E2D72}.Release|Any CPU.ActiveCfg = Release|Any CPU
		{643186EC-15BD-4005-B5B7-4DC1E48E2D72}.Release|Any CPU.Build.0 = Release|Any CPU
	EndGlobalSection
	GlobalSection(SolutionProperties) = preSolution
		HideSolutionNode = FALSE
	EndGlobalSection
	GlobalSection(ExtensibilityGlobals) = postSolution
		SolutionGuid = {1D697B97-FB11-49CD-AA1D-25D4F0341BB4}
	EndGlobalSection
EndGlobal
