
Microsoft Visual Studio Solution File, Format Version 12.00
# Visual Studio Version 16
VisualStudioVersion = 16.0.31005.135
MinimumVisualStudioVersion = 10.0.40219.1
Project("{2150E333-8FDC-42A3-9474-1A3956D46DE8}") = "Domain", "Domain", "{3F8364BA-636B-487B-A8E2-64636E2453D1}"
EndProject
Project("{9A19103F-16F7-4668-BE54-9A1E7A4F7556}") = "BasicApplication.Domain", "BasicApplication.Domain\BasicApplication.Domain.csproj", "{024AC3B5-6D46-4DDA-AE37-7224E2C800EB}"
EndProject
Project("{FAE04EC0-301F-11D3-BF4B-00C04F79EFBC}") = "BasicApplication.Domain.EntityFramework", "BasicApplication.Domain.EntityFramework\BasicApplication.Domain.EntityFramework.csproj", "{9461694C-C2EE-4680-B25F-CB6E7A4CDF3E}"
EndProject
Project("{2150E333-8FDC-42A3-9474-1A3956D46DE8}") = "Application", "Application", "{F7CB84F0-5B77-4A65-8933-4E064BCAF8F2}"
EndProject
Project("{2150E333-8FDC-42A3-9474-1A3956D46DE8}") = "WPF", "WPF", "{3430D92C-C2C1-4E9B-AA6D-45969B9AD98B}"
EndProject
Project("{FAE04EC0-301F-11D3-BF4B-00C04F79EFBC}") = "BasicApp", "BasicApp\BasicApp.csproj", "{169A5F4D-2BD5-49EF-8A11-4C3E22D7D4A8}"
EndProject
Project("{2150E333-8FDC-42A3-9474-1A3956D46DE8}") = "IOT", "IOT", "{2E18AECA-BD8A-4FA9-BDDD-969BED286B4F}"
EndProject
Project("{FAE04EC0-301F-11D3-BF4B-00C04F79EFBC}") = "BasicApplication.Iot.Hosting", "BasicApplication.Iot.Hosting\BasicApplication.Iot.Hosting.csproj", "{27701FDC-992E-4885-A7E1-828DCDB547BF}"
EndProject
Global
	GlobalSection(SolutionConfigurationPlatforms) = preSolution
		Debug|Any CPU = Debug|Any CPU
		Release|Any CPU = Release|Any CPU
	EndGlobalSection
	GlobalSection(ProjectConfigurationPlatforms) = postSolution
		{024AC3B5-6D46-4DDA-AE37-7224E2C800EB}.Debug|Any CPU.ActiveCfg = Debug|Any CPU
		{024AC3B5-6D46-4DDA-AE37-7224E2C800EB}.Debug|Any CPU.Build.0 = Debug|Any CPU
		{024AC3B5-6D46-4DDA-AE37-7224E2C800EB}.Release|Any CPU.ActiveCfg = Release|Any CPU
		{024AC3B5-6D46-4DDA-AE37-7224E2C800EB}.Release|Any CPU.Build.0 = Release|Any CPU
		{9461694C-C2EE-4680-B25F-CB6E7A4CDF3E}.Debug|Any CPU.ActiveCfg = Debug|Any CPU
		{9461694C-C2EE-4680-B25F-CB6E7A4CDF3E}.Debug|Any CPU.Build.0 = Debug|Any CPU
		{9461694C-C2EE-4680-B25F-CB6E7A4CDF3E}.Release|Any CPU.ActiveCfg = Release|Any CPU
		{9461694C-C2EE-4680-B25F-CB6E7A4CDF3E}.Release|Any CPU.Build.0 = Release|Any CPU
		{169A5F4D-2BD5-49EF-8A11-4C3E22D7D4A8}.Debug|Any CPU.ActiveCfg = Debug|Any CPU
		{169A5F4D-2BD5-49EF-8A11-4C3E22D7D4A8}.Debug|Any CPU.Build.0 = Debug|Any CPU
		{169A5F4D-2BD5-49EF-8A11-4C3E22D7D4A8}.Release|Any CPU.ActiveCfg = Release|Any CPU
		{169A5F4D-2BD5-49EF-8A11-4C3E22D7D4A8}.Release|Any CPU.Build.0 = Release|Any CPU
		{27701FDC-992E-4885-A7E1-828DCDB547BF}.Debug|Any CPU.ActiveCfg = Debug|Any CPU
		{27701FDC-992E-4885-A7E1-828DCDB547BF}.Debug|Any CPU.Build.0 = Debug|Any CPU
		{27701FDC-992E-4885-A7E1-828DCDB547BF}.Release|Any CPU.ActiveCfg = Release|Any CPU
		{27701FDC-992E-4885-A7E1-828DCDB547BF}.Release|Any CPU.Build.0 = Release|Any CPU
	EndGlobalSection
	GlobalSection(SolutionProperties) = preSolution
		HideSolutionNode = FALSE
	EndGlobalSection
	GlobalSection(NestedProjects) = preSolution
		{024AC3B5-6D46-4DDA-AE37-7224E2C800EB} = {3F8364BA-636B-487B-A8E2-64636E2453D1}
		{9461694C-C2EE-4680-B25F-CB6E7A4CDF3E} = {3F8364BA-636B-487B-A8E2-64636E2453D1}
		{3430D92C-C2C1-4E9B-AA6D-45969B9AD98B} = {F7CB84F0-5B77-4A65-8933-4E064BCAF8F2}
		{169A5F4D-2BD5-49EF-8A11-4C3E22D7D4A8} = {3430D92C-C2C1-4E9B-AA6D-45969B9AD98B}
		{27701FDC-992E-4885-A7E1-828DCDB547BF} = {2E18AECA-BD8A-4FA9-BDDD-969BED286B4F}
	EndGlobalSection
	GlobalSection(ExtensibilityGlobals) = postSolution
		SolutionGuid = {8FD67C7B-243A-43DA-B492-7E4804A21D0A}
	EndGlobalSection
EndGlobal
