
Microsoft Visual Studio Solution File, Format Version 12.00
# Visual Studio Version 16
VisualStudioVersion = 16.0.30804.86
MinimumVisualStudioVersion = 10.0.40219.1
Project("{9A19103F-16F7-4668-BE54-9A1E7A4F7556}") = "SimpleTrader.Domain", "SimpleTrader.Domain\SimpleTrader.Domain.csproj", "{6E21E42D-02A7-4EE9-963D-EB4CFF7BCBA1}"
EndProject
Project("{9A19103F-16F7-4668-BE54-9A1E7A4F7556}") = "SimpleTrader.EntityFrameWork", "SimpleTrader.EntityFrameWork\SimpleTrader.EntityFrameWork.csproj", "{15E11A6C-C016-41B1-86B0-0721B222B667}"
EndProject
Project("{9A19103F-16F7-4668-BE54-9A1E7A4F7556}") = "SimpleTrader.WPF", "SimpleTrader.WPF\SimpleTrader.WPF.csproj", "{6E524131-17C0-40CB-968B-62656F1DF45D}"
EndProject
Project("{9A19103F-16F7-4668-BE54-9A1E7A4F7556}") = "SimpleTrader.FinancialModeingPrepApi", "SimpleTrader.FinancialModeingPrepApi\SimpleTrader.FinancialModeingPrepApi.csproj", "{2AA331E5-4AE1-4EA1-B9B6-3289BD28D1FF}"
EndProject
Project("{FAE04EC0-301F-11D3-BF4B-00C04F79EFBC}") = "SimpleTrader.Domain.Tests", "SimpleTrader.Domain.Tests\SimpleTrader.Domain.Tests.csproj", "{D3AAFD07-27B1-4A9A-870A-6ED329E49B31}"
EndProject
Global
	GlobalSection(SolutionConfigurationPlatforms) = preSolution
		Debug|Any CPU = Debug|Any CPU
		Release|Any CPU = Release|Any CPU
	EndGlobalSection
	GlobalSection(ProjectConfigurationPlatforms) = postSolution
		{6E21E42D-02A7-4EE9-963D-EB4CFF7BCBA1}.Debug|Any CPU.ActiveCfg = Debug|Any CPU
		{6E21E42D-02A7-4EE9-963D-EB4CFF7BCBA1}.Debug|Any CPU.Build.0 = Debug|Any CPU
		{6E21E42D-02A7-4EE9-963D-EB4CFF7BCBA1}.Release|Any CPU.ActiveCfg = Release|Any CPU
		{6E21E42D-02A7-4EE9-963D-EB4CFF7BCBA1}.Release|Any CPU.Build.0 = Release|Any CPU
		{15E11A6C-C016-41B1-86B0-0721B222B667}.Debug|Any CPU.ActiveCfg = Debug|Any CPU
		{15E11A6C-C016-41B1-86B0-0721B222B667}.Debug|Any CPU.Build.0 = Debug|Any CPU
		{15E11A6C-C016-41B1-86B0-0721B222B667}.Release|Any CPU.ActiveCfg = Release|Any CPU
		{15E11A6C-C016-41B1-86B0-0721B222B667}.Release|Any CPU.Build.0 = Release|Any CPU
		{6E524131-17C0-40CB-968B-62656F1DF45D}.Debug|Any CPU.ActiveCfg = Debug|Any CPU
		{6E524131-17C0-40CB-968B-62656F1DF45D}.Debug|Any CPU.Build.0 = Debug|Any CPU
		{6E524131-17C0-40CB-968B-62656F1DF45D}.Release|Any CPU.ActiveCfg = Release|Any CPU
		{6E524131-17C0-40CB-968B-62656F1DF45D}.Release|Any CPU.Build.0 = Release|Any CPU
		{2AA331E5-4AE1-4EA1-B9B6-3289BD28D1FF}.Debug|Any CPU.ActiveCfg = Debug|Any CPU
		{2AA331E5-4AE1-4EA1-B9B6-3289BD28D1FF}.Debug|Any CPU.Build.0 = Debug|Any CPU
		{2AA331E5-4AE1-4EA1-B9B6-3289BD28D1FF}.Release|Any CPU.ActiveCfg = Release|Any CPU
		{2AA331E5-4AE1-4EA1-B9B6-3289BD28D1FF}.Release|Any CPU.Build.0 = Release|Any CPU
		{D3AAFD07-27B1-4A9A-870A-6ED329E49B31}.Debug|Any CPU.ActiveCfg = Debug|Any CPU
		{D3AAFD07-27B1-4A9A-870A-6ED329E49B31}.Debug|Any CPU.Build.0 = Debug|Any CPU
		{D3AAFD07-27B1-4A9A-870A-6ED329E49B31}.Release|Any CPU.ActiveCfg = Release|Any CPU
		{D3AAFD07-27B1-4A9A-870A-6ED329E49B31}.Release|Any CPU.Build.0 = Release|Any CPU
	EndGlobalSection
	GlobalSection(SolutionProperties) = preSolution
		HideSolutionNode = FALSE
	EndGlobalSection
	GlobalSection(ExtensibilityGlobals) = postSolution
		SolutionGuid = {85C9E417-7FED-4C7F-AE6B-BC19E888138D}
	EndGlobalSection
EndGlobal
